
Microsoft Visual Studio Solution File, Format Version 12.00
# Visual Studio Version 16
VisualStudioVersion = 16.0.31112.23
MinimumVisualStudioVersion = 10.0.40219.1
Project("{FAE04EC0-301F-11D3-BF4B-00C04F79EFBC}") = "ComplexResistanceCalculator", "ComplexResistanceCalculator.csproj", "{ECECA0A7-E296-460B-8795-9B4D68681D7A}"
EndProject
Project("{FAE04EC0-301F-11D3-BF4B-00C04F79EFBC}") = "Model", "src\Model\Model.csproj", "{810102BC-5A25-427F-AA28-C82E91541FF5}"
EndProject
Global
	GlobalSection(SolutionConfigurationPlatforms) = preSolution
		Debug|Any CPU = Debug|Any CPU
		Release|Any CPU = Release|Any CPU
	EndGlobalSection
	GlobalSection(ProjectConfigurationPlatforms) = postSolution
		{ECECA0A7-E296-460B-8795-9B4D68681D7A}.Debug|Any CPU.ActiveCfg = Debug|Any CPU
		{ECECA0A7-E296-460B-8795-9B4D68681D7A}.Debug|Any CPU.Build.0 = Debug|Any CPU
		{ECECA0A7-E296-460B-8795-9B4D68681D7A}.Release|Any CPU.ActiveCfg = Release|Any CPU
		{ECECA0A7-E296-460B-8795-9B4D68681D7A}.Release|Any CPU.Build.0 = Release|Any CPU
		{810102BC-5A25-427F-AA28-C82E91541FF5}.Debug|Any CPU.ActiveCfg = Debug|Any CPU
		{810102BC-5A25-427F-AA28-C82E91541FF5}.Debug|Any CPU.Build.0 = Debug|Any CPU
		{810102BC-5A25-427F-AA28-C82E91541FF5}.Release|Any CPU.ActiveCfg = Release|Any CPU
		{810102BC-5A25-427F-AA28-C82E91541FF5}.Release|Any CPU.Build.0 = Release|Any CPU
	EndGlobalSection
	GlobalSection(SolutionProperties) = preSolution
		HideSolutionNode = FALSE
	EndGlobalSection
	GlobalSection(ExtensibilityGlobals) = postSolution
		SolutionGuid = {580975C1-B2C5-44E8-83FA-B7D15744354C}
	EndGlobalSection
EndGlobal
